
Microsoft Visual Studio Solution File, Format Version 12.00
# Visual Studio Version 17
VisualStudioVersion = 17.1.32210.238
MinimumVisualStudioVersion = 10.0.40219.1
Project("{9A19103F-16F7-4668-BE54-9A1E7A4F7556}") = "reflection", "reflection.csproj", "{CE7C3CBB-4DA8-4B13-BA75-9A58C185ABC9}"
EndProject
Global
	GlobalSection(SolutionConfigurationPlatforms) = preSolution
		Debug|Any CPU = Debug|Any CPU
		Release|Any CPU = Release|Any CPU
	EndGlobalSection
	GlobalSection(ProjectConfigurationPlatforms) = postSolution
		{CE7C3CBB-4DA8-4B13-BA75-9A58C185ABC9}.Debug|Any CPU.ActiveCfg = Debug|Any CPU
		{CE7C3CBB-4DA8-4B13-BA75-9A58C185ABC9}.Debug|Any CPU.Build.0 = Debug|Any CPU
		{CE7C3CBB-4DA8-4B13-BA75-9A58C185ABC9}.Release|Any CPU.ActiveCfg = Release|Any CPU
		{CE7C3CBB-4DA8-4B13-BA75-9A58C185ABC9}.Release|Any CPU.Build.0 = Release|Any CPU
	EndGlobalSection
	GlobalSection(SolutionProperties) = preSolution
		HideSolutionNode = FALSE
	EndGlobalSection
	GlobalSection(ExtensibilityGlobals) = postSolution
		SolutionGuid = {EF6B4F22-AEF3-42B8-8BC6-68A2D75B1FDC}
	EndGlobalSection
EndGlobal
